
Microsoft Visual Studio Solution File, Format Version 12.00
# Visual Studio Version 16
VisualStudioVersion = 16.0.30011.22
MinimumVisualStudioVersion = 10.0.40219.1
Project("{9A19103F-16F7-4668-BE54-9A1E7A4F7556}") = "Domain", "Domain\Domain.csproj", "{08B56FE7-6AA0-4FF0-A265-BC2494B93BFE}"
EndProject
Project("{9A19103F-16F7-4668-BE54-9A1E7A4F7556}") = "EFDataAccess", "EFDataAccess\EFDataAccess.csproj", "{8A7372F3-80FC-4E87-9776-1EE2D51159EF}"
EndProject
Project("{9A19103F-16F7-4668-BE54-9A1E7A4F7556}") = "Application", "Application\Application.csproj", "{C95B3D6A-4517-4FC5-8D09-1C3B7A6926E9}"
EndProject
Project("{9A19103F-16F7-4668-BE54-9A1E7A4F7556}") = "EFCommands", "EFCommands\EFCommands.csproj", "{057F61AF-4B49-4C56-8AB7-1D9A7CE433DC}"
EndProject
Project("{9A19103F-16F7-4668-BE54-9A1E7A4F7556}") = "API", "API\API.csproj", "{A9101438-01B1-44BE-B96B-44AA219EA87F}"
EndProject
Project("{FAE04EC0-301F-11D3-BF4B-00C04F79EFBC}") = "Console - Data Creation", "Console - Data Creation\Console - Data Creation.csproj", "{9B369489-912D-405A-9A82-227162C32A6E}"
EndProject
Global
	GlobalSection(SolutionConfigurationPlatforms) = preSolution
		Debug|Any CPU = Debug|Any CPU
		Release|Any CPU = Release|Any CPU
	EndGlobalSection
	GlobalSection(ProjectConfigurationPlatforms) = postSolution
		{08B56FE7-6AA0-4FF0-A265-BC2494B93BFE}.Debug|Any CPU.ActiveCfg = Debug|Any CPU
		{08B56FE7-6AA0-4FF0-A265-BC2494B93BFE}.Debug|Any CPU.Build.0 = Debug|Any CPU
		{08B56FE7-6AA0-4FF0-A265-BC2494B93BFE}.Release|Any CPU.ActiveCfg = Release|Any CPU
		{08B56FE7-6AA0-4FF0-A265-BC2494B93BFE}.Release|Any CPU.Build.0 = Release|Any CPU
		{8A7372F3-80FC-4E87-9776-1EE2D51159EF}.Debug|Any CPU.ActiveCfg = Debug|Any CPU
		{8A7372F3-80FC-4E87-9776-1EE2D51159EF}.Debug|Any CPU.Build.0 = Debug|Any CPU
		{8A7372F3-80FC-4E87-9776-1EE2D51159EF}.Release|Any CPU.ActiveCfg = Release|Any CPU
		{8A7372F3-80FC-4E87-9776-1EE2D51159EF}.Release|Any CPU.Build.0 = Release|Any CPU
		{C95B3D6A-4517-4FC5-8D09-1C3B7A6926E9}.Debug|Any CPU.ActiveCfg = Debug|Any CPU
		{C95B3D6A-4517-4FC5-8D09-1C3B7A6926E9}.Debug|Any CPU.Build.0 = Debug|Any CPU
		{C95B3D6A-4517-4FC5-8D09-1C3B7A6926E9}.Release|Any CPU.ActiveCfg = Release|Any CPU
		{C95B3D6A-4517-4FC5-8D09-1C3B7A6926E9}.Release|Any CPU.Build.0 = Release|Any CPU
		{057F61AF-4B49-4C56-8AB7-1D9A7CE433DC}.Debug|Any CPU.ActiveCfg = Debug|Any CPU
		{057F61AF-4B49-4C56-8AB7-1D9A7CE433DC}.Debug|Any CPU.Build.0 = Debug|Any CPU
		{057F61AF-4B49-4C56-8AB7-1D9A7CE433DC}.Release|Any CPU.ActiveCfg = Release|Any CPU
		{057F61AF-4B49-4C56-8AB7-1D9A7CE433DC}.Release|Any CPU.Build.0 = Release|Any CPU
		{A9101438-01B1-44BE-B96B-44AA219EA87F}.Debug|Any CPU.ActiveCfg = Debug|Any CPU
		{A9101438-01B1-44BE-B96B-44AA219EA87F}.Debug|Any CPU.Build.0 = Debug|Any CPU
		{A9101438-01B1-44BE-B96B-44AA219EA87F}.Release|Any CPU.ActiveCfg = Release|Any CPU
		{A9101438-01B1-44BE-B96B-44AA219EA87F}.Release|Any CPU.Build.0 = Release|Any CPU
		{9B369489-912D-405A-9A82-227162C32A6E}.Debug|Any CPU.ActiveCfg = Debug|Any CPU
		{9B369489-912D-405A-9A82-227162C32A6E}.Debug|Any CPU.Build.0 = Debug|Any CPU
		{9B369489-912D-405A-9A82-227162C32A6E}.Release|Any CPU.ActiveCfg = Release|Any CPU
		{9B369489-912D-405A-9A82-227162C32A6E}.Release|Any CPU.Build.0 = Release|Any CPU
	EndGlobalSection
	GlobalSection(SolutionProperties) = preSolution
		HideSolutionNode = FALSE
	EndGlobalSection
	GlobalSection(ExtensibilityGlobals) = postSolution
		SolutionGuid = {AA341A1A-236C-4157-9BE5-6061C1E60C32}
	EndGlobalSection
EndGlobal
